
Microsoft Visual Studio Solution File, Format Version 12.00
# Visual Studio 15
VisualStudioVersion = 15.0.27703.2042
MinimumVisualStudioVersion = 10.0.40219.1
Project("{9A19103F-16F7-4668-BE54-9A1E7A4F7556}") = "FTFTestLibrary", "FTFTestLibrary\FTFTestLibrary.csproj", "{5ED97075-7281-4FA3-8E5F-D4B8D273BDCB}"
EndProject
Project("{9A19103F-16F7-4668-BE54-9A1E7A4F7556}") = "FTFService", "FTFService\FTFService.csproj", "{1F7BBB14-DFAF-4FBD-8977-5B2C78025B74}"
EndProject
Project("{FAE04EC0-301F-11D3-BF4B-00C04F79EFBC}") = "FTFCommunication", "FTFCommunication\FTFCommunication.csproj", "{8A3AD213-8EE5-48B6-B7DD-C55CD1742360}"
EndProject
Global
	GlobalSection(SolutionConfigurationPlatforms) = preSolution
		Debug|Any CPU = Debug|Any CPU
		Release|Any CPU = Release|Any CPU
	EndGlobalSection
	GlobalSection(ProjectConfigurationPlatforms) = postSolution
		{5ED97075-7281-4FA3-8E5F-D4B8D273BDCB}.Debug|Any CPU.ActiveCfg = Debug|Any CPU
		{5ED97075-7281-4FA3-8E5F-D4B8D273BDCB}.Debug|Any CPU.Build.0 = Debug|Any CPU
		{5ED97075-7281-4FA3-8E5F-D4B8D273BDCB}.Release|Any CPU.ActiveCfg = Release|Any CPU
		{5ED97075-7281-4FA3-8E5F-D4B8D273BDCB}.Release|Any CPU.Build.0 = Release|Any CPU
		{1F7BBB14-DFAF-4FBD-8977-5B2C78025B74}.Debug|Any CPU.ActiveCfg = Debug|Any CPU
		{1F7BBB14-DFAF-4FBD-8977-5B2C78025B74}.Debug|Any CPU.Build.0 = Debug|Any CPU
		{1F7BBB14-DFAF-4FBD-8977-5B2C78025B74}.Release|Any CPU.ActiveCfg = Release|Any CPU
		{1F7BBB14-DFAF-4FBD-8977-5B2C78025B74}.Release|Any CPU.Build.0 = Release|Any CPU
		{8A3AD213-8EE5-48B6-B7DD-C55CD1742360}.Debug|Any CPU.ActiveCfg = Debug|Any CPU
		{8A3AD213-8EE5-48B6-B7DD-C55CD1742360}.Debug|Any CPU.Build.0 = Debug|Any CPU
		{8A3AD213-8EE5-48B6-B7DD-C55CD1742360}.Release|Any CPU.ActiveCfg = Release|Any CPU
		{8A3AD213-8EE5-48B6-B7DD-C55CD1742360}.Release|Any CPU.Build.0 = Release|Any CPU
	EndGlobalSection
	GlobalSection(SolutionProperties) = preSolution
		HideSolutionNode = FALSE
	EndGlobalSection
	GlobalSection(ExtensibilityGlobals) = postSolution
		SolutionGuid = {DDE1E8F8-AA02-4732-8297-525697F8BEDA}
	EndGlobalSection
EndGlobal
