
Microsoft Visual Studio Solution File, Format Version 12.00
# Visual Studio Version 16
VisualStudioVersion = 16.0.28729.10
MinimumVisualStudioVersion = 10.0.40219.1
Project("{9A19103F-16F7-4668-BE54-9A1E7A4F7556}") = "FactoryOrchestratorCoreLibrary", "CoreLibrary\FactoryOrchestratorCoreLibrary.csproj", "{5ED97075-7281-4FA3-8E5F-D4B8D273BDCB}"
EndProject
Project("{9A19103F-16F7-4668-BE54-9A1E7A4F7556}") = "FactoryOrchestratorService", "Service\FactoryOrchestratorService.csproj", "{1F7BBB14-DFAF-4FBD-8977-5B2C78025B74}"
EndProject
Project("{FAE04EC0-301F-11D3-BF4B-00C04F79EFBC}") = "FactoryOrchestratorApp", "App\FactoryOrchestratorApp.csproj", "{BAD1C9B4-70E1-40F7-92AC-9B1E2049E9C5}"
EndProject
Project("{9A19103F-16F7-4668-BE54-9A1E7A4F7556}") = "FactoryOrchestratorClientLibrary", "ClientLibrary\FactoryOrchestratorClientLibrary.csproj", "{C5FDA4E1-E631-47B2-BA5F-6558F8506DF7}"
EndProject
Project("{9A19103F-16F7-4668-BE54-9A1E7A4F7556}") = "FactoryOrchestratorPowerShellLibrary", "PowerShellLibrary\FactoryOrchestratorPowerShellLibrary.csproj", "{FEEBBC93-AA93-491A-A844-CF487D0D9AD6}"
EndProject
Project("{9A19103F-16F7-4668-BE54-9A1E7A4F7556}") = "FactoryOrchestratorServerLibrary", "ServerLibrary\FactoryOrchestratorServerLibrary.csproj", "{3F3AD59B-1E8A-4B01-BAE5-D6DABAF43DE1}"
EndProject
Project("{2150E333-8FDC-42A3-9474-1A3956D46DE8}") = "IpcFramework", "IpcFramework", "{BB6182E5-4177-44D4-A7E8-2590D00941AE}"
	ProjectSection(SolutionItems) = preProject
		oss\IpcFramework\Directory.Build.props = oss\IpcFramework\Directory.Build.props
	EndProjectSection
EndProject
Project("{9A19103F-16F7-4668-BE54-9A1E7A4F7556}") = "JKang.IpcServiceFramework.Client", "oss\IpcFramework\JKang.IpcServiceFramework.Client\JKang.IpcServiceFramework.Client.csproj", "{B4F6BB5B-552D-487E-8CA7-1919A357FFCB}"
EndProject
Project("{9A19103F-16F7-4668-BE54-9A1E7A4F7556}") = "JKang.IpcServiceFramework.Testing", "oss\IpcFramework\JKang.IpcServiceFramework.Testing\JKang.IpcServiceFramework.Testing.csproj", "{156E5859-056E-4B88-AA98-B9B202FF21A8}"
EndProject
Project("{9A19103F-16F7-4668-BE54-9A1E7A4F7556}") = "JKang.IpcServiceFramework.Hosting", "oss\IpcFramework\JKang.IpcServiceFramework.Hosting\JKang.IpcServiceFramework.Hosting.csproj", "{D3EAD474-A454-41F9-BF88-D13FFA980261}"
EndProject
Project("{9A19103F-16F7-4668-BE54-9A1E7A4F7556}") = "JKang.IpcServiceFramework.Hosting.NamedPipe", "oss\IpcFramework\JKang.IpcServiceFramework.Hosting.NamedPipe\JKang.IpcServiceFramework.Hosting.NamedPipe.csproj", "{502E1DB1-0F13-4F02-AE2A-2ACCF8103CAC}"
EndProject
Project("{9A19103F-16F7-4668-BE54-9A1E7A4F7556}") = "JKang.IpcServiceFramework.Core", "oss\IpcFramework\JKang.IpcServiceFramework.Core\JKang.IpcServiceFramework.Core.csproj", "{964E5437-14C4-42AC-AA00-A9B8541A525D}"
EndProject
Project("{9A19103F-16F7-4668-BE54-9A1E7A4F7556}") = "JKang.IpcServiceFramework.TcpTests", "oss\IpcFramework\JKang.IpcServiceFramework.TcpTests\JKang.IpcServiceFramework.TcpTests.csproj", "{8FDFF305-9AE4-403A-A6B8-5831DD4A2937}"
EndProject
Project("{9A19103F-16F7-4668-BE54-9A1E7A4F7556}") = "JKang.IpcServiceFramework.NamedPipeTests", "oss\IpcFramework\JKang.IpcServiceFramework.NamedPipeTests\JKang.IpcServiceFramework.NamedPipeTests.csproj", "{90A3287B-D5B0-4D49-8BA1-27CA0F292291}"
EndProject
Project("{9A19103F-16F7-4668-BE54-9A1E7A4F7556}") = "JKang.IpcServiceFramework.Hosting.Tcp", "oss\IpcFramework\JKang.IpcServiceFramework.Hosting.Tcp\JKang.IpcServiceFramework.Hosting.Tcp.csproj", "{A0E37EDD-8063-4E95-AE92-639240D778D4}"
EndProject
Project("{9A19103F-16F7-4668-BE54-9A1E7A4F7556}") = "JKang.IpcServiceFramework.Core.Tests", "oss\IpcFramework\JKang.IpcServiceFramework.Core.Tests\JKang.IpcServiceFramework.Core.Tests.csproj", "{585BC023-2F06-489E-8285-D83013C674A5}"
EndProject
Project("{9A19103F-16F7-4668-BE54-9A1E7A4F7556}") = "JKang.IpcServiceFramework.Client.Tcp", "oss\IpcFramework\JKang.IpcServiceFramework.Client.Tcp\JKang.IpcServiceFramework.Client.Tcp.csproj", "{AD011716-1E8C-4D55-9881-E85931B208F7}"
EndProject
Project("{9A19103F-16F7-4668-BE54-9A1E7A4F7556}") = "JKang.IpcServiceFramework.Client.NamedPipe", "oss\IpcFramework\JKang.IpcServiceFramework.Client.NamedPipe\JKang.IpcServiceFramework.Client.NamedPipe.csproj", "{064091C3-F0AB-4277-BEA1-7301F8CA4E1B}"
EndProject
Project("{FAE04EC0-301F-11D3-BF4B-00C04F79EFBC}") = "FactoryOrchestratorUWPClientLibrary", "UWPClientLibrary\FactoryOrchestratorUWPClientLibrary.csproj", "{0ED6137E-895F-4941-A136-ABB977E1C4EF}"
EndProject
Project("{9A19103F-16F7-4668-BE54-9A1E7A4F7556}") = "ClientSample", "ClientSample\ClientSample.csproj", "{2C3B3BF3-C074-434C-BF91-4BD302E1E9D2}"
EndProject
Project("{2150E333-8FDC-42A3-9474-1A3956D46DE8}") = "Pe-Utility", "Pe-Utility", "{765DEB35-1D5D-41E3-854E-7ACEAE86E4A2}"
EndProject
Project("{9A19103F-16F7-4668-BE54-9A1E7A4F7556}") = "Pe-Utility", "oss\Pe-Utility\Pe-Utility.csproj", "{049C416B-D3DB-4D9E-88CC-C1157A68CC53}"
EndProject
Project("{2150E333-8FDC-42A3-9474-1A3956D46DE8}") = "OSS", "OSS", "{AB6C2AD9-125C-4D28-B8F5-3A662F2055BC}"
	ProjectSection(SolutionItems) = preProject
		oss\cgmanifest.json = oss\cgmanifest.json
		oss\Directory.Build.props = oss\Directory.Build.props
		oss\DotNetCore.WindowsService.txt = oss\DotNetCore.WindowsService.txt
		oss\IpcServiceFramework.txt = oss\IpcServiceFramework.txt
		oss\Pe-Utility.txt = oss\Pe-Utility.txt
	EndProjectSection
EndProject
Project("{2150E333-8FDC-42A3-9474-1A3956D46DE8}") = "build", "build", "{492B979A-F7D2-40A1-B311-1416F9CE7A2A}"
	ProjectSection(SolutionItems) = preProject
		..\build\AutoGenerateInterfaceHelper.ps1 = ..\build\AutoGenerateInterfaceHelper.ps1
		..\build\azure-pipelines.loc.yml = ..\build\azure-pipelines.loc.yml
		..\build\azure-pipelines.pr.yml = ..\build\azure-pipelines.pr.yml
		..\build\azure-pipelines.yml = ..\build\azure-pipelines.yml
		custom.props = custom.props
		..\build\SetSourceVersion.ps1 = ..\build\SetSourceVersion.ps1
	EndProjectSection
EndProject
Project("{2150E333-8FDC-42A3-9474-1A3956D46DE8}") = "internal", "internal", "{A33F40C3-2BAD-406E-86BE-DBE33F12BB29}"
	ProjectSection(SolutionItems) = preProject
		..\build\internal\CreateServiceManifest.ps1 = ..\build\internal\CreateServiceManifest.ps1
		..\build\internal\CreateServiceManifestForPkgES.ps1 = ..\build\internal\CreateServiceManifestForPkgES.ps1
		..\build\internal\CreateTestZip.ps1 = ..\build\internal\CreateTestZip.ps1
		..\build\internal\FactoryOrchestratorServiceTemplate.wm.xml = ..\build\internal\FactoryOrchestratorServiceTemplate.wm.xml
		..\build\internal\ftf-ci-hosted.yml = ..\build\internal\ftf-ci-hosted.yml
		..\build\internal\ftf-pkges-vpack.yml = ..\build\internal\ftf-pkges-vpack.yml
		..\build\internal\GitCheckin.json = ..\build\internal\GitCheckin.json
		..\build\internal\MakeAppxBundle.cmd = ..\build\internal\MakeAppxBundle.cmd
		..\build\internal\UpdateClientSampleForWSK.ps1 = ..\build\internal\UpdateClientSampleForWSK.ps1
	EndProjectSection
EndProject
Project("{2150E333-8FDC-42A3-9474-1A3956D46DE8}") = "config", "config", "{B4F05BFC-A45E-4400-814A-12DA0D6FA3D0}"
	ProjectSection(SolutionItems) = preProject
		..\build\config\CredScanSuppressions.json = ..\build\config\CredScanSuppressions.json
		..\build\config\PolicheckExclusions.xml = ..\build\config\PolicheckExclusions.xml
	EndProjectSection
EndProject
Project("{2150E333-8FDC-42A3-9474-1A3956D46DE8}") = "templates", "templates", "{0FD8AFF8-3868-4FD5-A8A6-DA8DAA02B52F}"
	ProjectSection(SolutionItems) = preProject
		..\build\templates\template-build-all-arch.yml = ..\build\templates\template-build-all-arch.yml
	EndProjectSection
EndProject
Project("{2150E333-8FDC-42A3-9474-1A3956D46DE8}") = "Solution Items", "Solution Items", "{422A5B26-B858-44D2-9E64-DD88B7B0A1F1}"
	ProjectSection(SolutionItems) = preProject
		.editorconfig = .editorconfig
		..\.gitignore = ..\.gitignore
		..\CODE_OF_CONDUCT.md = ..\CODE_OF_CONDUCT.md
		common.props = common.props
		..\LICENSE = ..\LICENSE
		..\NOTICE.txt = ..\NOTICE.txt
		..\README.md = ..\README.md
		..\SECURITY.md = ..\SECURITY.md
		..\StartAppDebug.cmd = ..\StartAppDebug.cmd
		..\StartClientSampleDebug.cmd = ..\StartClientSampleDebug.cmd
		..\StartServiceDebug.cmd = ..\StartServiceDebug.cmd
	EndProjectSection
EndProject
Project("{9A19103F-16F7-4668-BE54-9A1E7A4F7556}") = "CoreLibraryUnitTests", "Tests\UnitTests\CoreLibraryUnitTests\CoreLibraryUnitTests.csproj", "{B5E4D0D3-C180-4CEF-B580-9DF8071B1103}"
EndProject
Project("{9A19103F-16F7-4668-BE54-9A1E7A4F7556}") = "PowerShellUnitTests", "Tests\UnitTests\PowerShellUnitTests\PowerShellUnitTests.csproj", "{B5E4D0D3-C180-4CEF-B580-9DF8071B1104}"
EndProject
Project("{2150E333-8FDC-42A3-9474-1A3956D46DE8}") = "Tests", "Tests", "{048C5984-60A0-4FF3-8DE0-CC3F3D38F2C5}"
	ProjectSection(SolutionItems) = preProject
		Tests\defaults.runsettings = Tests\defaults.runsettings
		Tests\Directory.Build.props = Tests\Directory.Build.props
	EndProjectSection
EndProject
Project("{2150E333-8FDC-42A3-9474-1A3956D46DE8}") = "UnitTests", "UnitTests", "{1A976AA7-AA7F-44BE-AC85-88C3A62F9136}"
EndProject
Project("{9A19103F-16F7-4668-BE54-9A1E7A4F7556}") = "ServerLibraryUnitTests", "Tests\UnitTests\ServerLibraryUnitTests\ServerLibraryUnitTests.csproj", "{A8F10625-D42E-4BA2-967F-F863425C7394}"
EndProject
Project("{9A19103F-16F7-4668-BE54-9A1E7A4F7556}") = "ClientSampleIntegrationTests", "Tests\ClientSampleIntegrationTest\ClientSampleIntegrationTests.csproj", "{9E8EA146-0C62-419D-8ADA-80635F96D30C}"
EndProject
Global
	GlobalSection(SolutionConfigurationPlatforms) = preSolution
		Debug|Any CPU = Debug|Any CPU
		Debug|ARM = Debug|ARM
		Debug|x64 = Debug|x64
		Debug|x86 = Debug|x86
		Release|Any CPU = Release|Any CPU
		Release|ARM = Release|ARM
		Release|x64 = Release|x64
		Release|x86 = Release|x86
	EndGlobalSection
	GlobalSection(ProjectConfigurationPlatforms) = postSolution
		{5ED97075-7281-4FA3-8E5F-D4B8D273BDCB}.Debug|Any CPU.ActiveCfg = Debug|Any CPU
		{5ED97075-7281-4FA3-8E5F-D4B8D273BDCB}.Debug|Any CPU.Build.0 = Debug|Any CPU
		{5ED97075-7281-4FA3-8E5F-D4B8D273BDCB}.Debug|ARM.ActiveCfg = Debug|Any CPU
		{5ED97075-7281-4FA3-8E5F-D4B8D273BDCB}.Debug|ARM.Build.0 = Debug|Any CPU
		{5ED97075-7281-4FA3-8E5F-D4B8D273BDCB}.Debug|x64.ActiveCfg = Debug|Any CPU
		{5ED97075-7281-4FA3-8E5F-D4B8D273BDCB}.Debug|x64.Build.0 = Debug|Any CPU
		{5ED97075-7281-4FA3-8E5F-D4B8D273BDCB}.Debug|x86.ActiveCfg = Debug|Any CPU
		{5ED97075-7281-4FA3-8E5F-D4B8D273BDCB}.Debug|x86.Build.0 = Debug|Any CPU
		{5ED97075-7281-4FA3-8E5F-D4B8D273BDCB}.Release|Any CPU.ActiveCfg = Release|Any CPU
		{5ED97075-7281-4FA3-8E5F-D4B8D273BDCB}.Release|Any CPU.Build.0 = Release|Any CPU
		{5ED97075-7281-4FA3-8E5F-D4B8D273BDCB}.Release|ARM.ActiveCfg = Release|Any CPU
		{5ED97075-7281-4FA3-8E5F-D4B8D273BDCB}.Release|ARM.Build.0 = Release|Any CPU
		{5ED97075-7281-4FA3-8E5F-D4B8D273BDCB}.Release|x64.ActiveCfg = Release|Any CPU
		{5ED97075-7281-4FA3-8E5F-D4B8D273BDCB}.Release|x64.Build.0 = Release|Any CPU
		{5ED97075-7281-4FA3-8E5F-D4B8D273BDCB}.Release|x86.ActiveCfg = Release|Any CPU
		{5ED97075-7281-4FA3-8E5F-D4B8D273BDCB}.Release|x86.Build.0 = Release|Any CPU
		{1F7BBB14-DFAF-4FBD-8977-5B2C78025B74}.Debug|Any CPU.ActiveCfg = Debug|Any CPU
		{1F7BBB14-DFAF-4FBD-8977-5B2C78025B74}.Debug|Any CPU.Build.0 = Debug|Any CPU
		{1F7BBB14-DFAF-4FBD-8977-5B2C78025B74}.Debug|ARM.ActiveCfg = Debug|Any CPU
		{1F7BBB14-DFAF-4FBD-8977-5B2C78025B74}.Debug|x64.ActiveCfg = Debug|Any CPU
		{1F7BBB14-DFAF-4FBD-8977-5B2C78025B74}.Debug|x86.ActiveCfg = Debug|Any CPU
		{1F7BBB14-DFAF-4FBD-8977-5B2C78025B74}.Release|Any CPU.ActiveCfg = Release|Any CPU
		{1F7BBB14-DFAF-4FBD-8977-5B2C78025B74}.Release|Any CPU.Build.0 = Release|Any CPU
		{1F7BBB14-DFAF-4FBD-8977-5B2C78025B74}.Release|ARM.ActiveCfg = Release|Any CPU
		{1F7BBB14-DFAF-4FBD-8977-5B2C78025B74}.Release|x64.ActiveCfg = Release|Any CPU
		{1F7BBB14-DFAF-4FBD-8977-5B2C78025B74}.Release|x86.ActiveCfg = Release|Any CPU
		{BAD1C9B4-70E1-40F7-92AC-9B1E2049E9C5}.Debug|Any CPU.ActiveCfg = Debug|x86
		{BAD1C9B4-70E1-40F7-92AC-9B1E2049E9C5}.Debug|ARM.ActiveCfg = Debug|ARM
		{BAD1C9B4-70E1-40F7-92AC-9B1E2049E9C5}.Debug|ARM.Build.0 = Debug|ARM
		{BAD1C9B4-70E1-40F7-92AC-9B1E2049E9C5}.Debug|ARM.Deploy.0 = Debug|ARM
		{BAD1C9B4-70E1-40F7-92AC-9B1E2049E9C5}.Debug|x64.ActiveCfg = Debug|x64
		{BAD1C9B4-70E1-40F7-92AC-9B1E2049E9C5}.Debug|x64.Build.0 = Debug|x64
		{BAD1C9B4-70E1-40F7-92AC-9B1E2049E9C5}.Debug|x64.Deploy.0 = Debug|x64
		{BAD1C9B4-70E1-40F7-92AC-9B1E2049E9C5}.Debug|x86.ActiveCfg = Debug|x86
		{BAD1C9B4-70E1-40F7-92AC-9B1E2049E9C5}.Debug|x86.Build.0 = Debug|x86
		{BAD1C9B4-70E1-40F7-92AC-9B1E2049E9C5}.Debug|x86.Deploy.0 = Debug|x86
		{BAD1C9B4-70E1-40F7-92AC-9B1E2049E9C5}.Release|Any CPU.ActiveCfg = Release|x86
		{BAD1C9B4-70E1-40F7-92AC-9B1E2049E9C5}.Release|ARM.ActiveCfg = Release|ARM
		{BAD1C9B4-70E1-40F7-92AC-9B1E2049E9C5}.Release|ARM.Build.0 = Release|ARM
		{BAD1C9B4-70E1-40F7-92AC-9B1E2049E9C5}.Release|ARM.Deploy.0 = Release|ARM
		{BAD1C9B4-70E1-40F7-92AC-9B1E2049E9C5}.Release|x64.ActiveCfg = Release|x64
		{BAD1C9B4-70E1-40F7-92AC-9B1E2049E9C5}.Release|x64.Build.0 = Release|x64
		{BAD1C9B4-70E1-40F7-92AC-9B1E2049E9C5}.Release|x64.Deploy.0 = Release|x64
		{BAD1C9B4-70E1-40F7-92AC-9B1E2049E9C5}.Release|x86.ActiveCfg = Release|x86
		{BAD1C9B4-70E1-40F7-92AC-9B1E2049E9C5}.Release|x86.Build.0 = Release|x86
		{BAD1C9B4-70E1-40F7-92AC-9B1E2049E9C5}.Release|x86.Deploy.0 = Release|x86
		{C5FDA4E1-E631-47B2-BA5F-6558F8506DF7}.Debug|Any CPU.ActiveCfg = Debug|Any CPU
		{C5FDA4E1-E631-47B2-BA5F-6558F8506DF7}.Debug|Any CPU.Build.0 = Debug|Any CPU
		{C5FDA4E1-E631-47B2-BA5F-6558F8506DF7}.Debug|ARM.ActiveCfg = Debug|Any CPU
		{C5FDA4E1-E631-47B2-BA5F-6558F8506DF7}.Debug|ARM.Build.0 = Debug|Any CPU
		{C5FDA4E1-E631-47B2-BA5F-6558F8506DF7}.Debug|x64.ActiveCfg = Debug|Any CPU
		{C5FDA4E1-E631-47B2-BA5F-6558F8506DF7}.Debug|x64.Build.0 = Debug|Any CPU
		{C5FDA4E1-E631-47B2-BA5F-6558F8506DF7}.Debug|x86.ActiveCfg = Debug|Any CPU
		{C5FDA4E1-E631-47B2-BA5F-6558F8506DF7}.Debug|x86.Build.0 = Debug|Any CPU
		{C5FDA4E1-E631-47B2-BA5F-6558F8506DF7}.Release|Any CPU.ActiveCfg = Release|Any CPU
		{C5FDA4E1-E631-47B2-BA5F-6558F8506DF7}.Release|Any CPU.Build.0 = Release|Any CPU
		{C5FDA4E1-E631-47B2-BA5F-6558F8506DF7}.Release|ARM.ActiveCfg = Release|Any CPU
		{C5FDA4E1-E631-47B2-BA5F-6558F8506DF7}.Release|ARM.Build.0 = Release|Any CPU
		{C5FDA4E1-E631-47B2-BA5F-6558F8506DF7}.Release|x64.ActiveCfg = Release|Any CPU
		{C5FDA4E1-E631-47B2-BA5F-6558F8506DF7}.Release|x64.Build.0 = Release|Any CPU
		{C5FDA4E1-E631-47B2-BA5F-6558F8506DF7}.Release|x86.ActiveCfg = Release|Any CPU
		{C5FDA4E1-E631-47B2-BA5F-6558F8506DF7}.Release|x86.Build.0 = Release|Any CPU
		{FEEBBC93-AA93-491A-A844-CF487D0D9AD6}.Debug|Any CPU.ActiveCfg = Debug|Any CPU
		{FEEBBC93-AA93-491A-A844-CF487D0D9AD6}.Debug|Any CPU.Build.0 = Debug|Any CPU
		{FEEBBC93-AA93-491A-A844-CF487D0D9AD6}.Debug|ARM.ActiveCfg = Debug|Any CPU
		{FEEBBC93-AA93-491A-A844-CF487D0D9AD6}.Debug|x64.ActiveCfg = Debug|Any CPU
		{FEEBBC93-AA93-491A-A844-CF487D0D9AD6}.Debug|x86.ActiveCfg = Debug|Any CPU
		{FEEBBC93-AA93-491A-A844-CF487D0D9AD6}.Release|Any CPU.ActiveCfg = Release|Any CPU
		{FEEBBC93-AA93-491A-A844-CF487D0D9AD6}.Release|Any CPU.Build.0 = Release|Any CPU
		{FEEBBC93-AA93-491A-A844-CF487D0D9AD6}.Release|ARM.ActiveCfg = Release|Any CPU
		{FEEBBC93-AA93-491A-A844-CF487D0D9AD6}.Release|x64.ActiveCfg = Release|Any CPU
		{FEEBBC93-AA93-491A-A844-CF487D0D9AD6}.Release|x86.ActiveCfg = Release|Any CPU
		{3F3AD59B-1E8A-4B01-BAE5-D6DABAF43DE1}.Debug|Any CPU.ActiveCfg = Debug|Any CPU
		{3F3AD59B-1E8A-4B01-BAE5-D6DABAF43DE1}.Debug|Any CPU.Build.0 = Debug|Any CPU
		{3F3AD59B-1E8A-4B01-BAE5-D6DABAF43DE1}.Debug|ARM.ActiveCfg = Debug|Any CPU
		{3F3AD59B-1E8A-4B01-BAE5-D6DABAF43DE1}.Debug|x64.ActiveCfg = Debug|Any CPU
		{3F3AD59B-1E8A-4B01-BAE5-D6DABAF43DE1}.Debug|x86.ActiveCfg = Debug|Any CPU
		{3F3AD59B-1E8A-4B01-BAE5-D6DABAF43DE1}.Release|Any CPU.ActiveCfg = Release|Any CPU
		{3F3AD59B-1E8A-4B01-BAE5-D6DABAF43DE1}.Release|Any CPU.Build.0 = Release|Any CPU
		{3F3AD59B-1E8A-4B01-BAE5-D6DABAF43DE1}.Release|ARM.ActiveCfg = Release|Any CPU
		{3F3AD59B-1E8A-4B01-BAE5-D6DABAF43DE1}.Release|x64.ActiveCfg = Release|Any CPU
		{3F3AD59B-1E8A-4B01-BAE5-D6DABAF43DE1}.Release|x86.ActiveCfg = Release|Any CPU
		{B4F6BB5B-552D-487E-8CA7-1919A357FFCB}.Debug|Any CPU.ActiveCfg = Debug|Any CPU
		{B4F6BB5B-552D-487E-8CA7-1919A357FFCB}.Debug|Any CPU.Build.0 = Debug|Any CPU
		{B4F6BB5B-552D-487E-8CA7-1919A357FFCB}.Debug|ARM.ActiveCfg = Debug|Any CPU
		{B4F6BB5B-552D-487E-8CA7-1919A357FFCB}.Debug|ARM.Build.0 = Debug|Any CPU
		{B4F6BB5B-552D-487E-8CA7-1919A357FFCB}.Debug|x64.ActiveCfg = Debug|Any CPU
		{B4F6BB5B-552D-487E-8CA7-1919A357FFCB}.Debug|x64.Build.0 = Debug|Any CPU
		{B4F6BB5B-552D-487E-8CA7-1919A357FFCB}.Debug|x86.ActiveCfg = Debug|Any CPU
		{B4F6BB5B-552D-487E-8CA7-1919A357FFCB}.Debug|x86.Build.0 = Debug|Any CPU
		{B4F6BB5B-552D-487E-8CA7-1919A357FFCB}.Release|Any CPU.ActiveCfg = Release|Any CPU
		{B4F6BB5B-552D-487E-8CA7-1919A357FFCB}.Release|Any CPU.Build.0 = Release|Any CPU
		{B4F6BB5B-552D-487E-8CA7-1919A357FFCB}.Release|ARM.ActiveCfg = Release|Any CPU
		{B4F6BB5B-552D-487E-8CA7-1919A357FFCB}.Release|ARM.Build.0 = Release|Any CPU
		{B4F6BB5B-552D-487E-8CA7-1919A357FFCB}.Release|x64.ActiveCfg = Release|Any CPU
		{B4F6BB5B-552D-487E-8CA7-1919A357FFCB}.Release|x64.Build.0 = Release|Any CPU
		{B4F6BB5B-552D-487E-8CA7-1919A357FFCB}.Release|x86.ActiveCfg = Release|Any CPU
		{B4F6BB5B-552D-487E-8CA7-1919A357FFCB}.Release|x86.Build.0 = Release|Any CPU
		{156E5859-056E-4B88-AA98-B9B202FF21A8}.Debug|Any CPU.ActiveCfg = Debug|Any CPU
		{156E5859-056E-4B88-AA98-B9B202FF21A8}.Debug|Any CPU.Build.0 = Debug|Any CPU
		{156E5859-056E-4B88-AA98-B9B202FF21A8}.Debug|ARM.ActiveCfg = Debug|Any CPU
		{156E5859-056E-4B88-AA98-B9B202FF21A8}.Debug|x64.ActiveCfg = Debug|Any CPU
		{156E5859-056E-4B88-AA98-B9B202FF21A8}.Debug|x86.ActiveCfg = Debug|Any CPU
		{156E5859-056E-4B88-AA98-B9B202FF21A8}.Release|Any CPU.ActiveCfg = Release|Any CPU
		{156E5859-056E-4B88-AA98-B9B202FF21A8}.Release|Any CPU.Build.0 = Release|Any CPU
		{156E5859-056E-4B88-AA98-B9B202FF21A8}.Release|ARM.ActiveCfg = Release|Any CPU
		{156E5859-056E-4B88-AA98-B9B202FF21A8}.Release|x64.ActiveCfg = Release|Any CPU
		{156E5859-056E-4B88-AA98-B9B202FF21A8}.Release|x86.ActiveCfg = Release|Any CPU
		{D3EAD474-A454-41F9-BF88-D13FFA980261}.Debug|Any CPU.ActiveCfg = Debug|Any CPU
		{D3EAD474-A454-41F9-BF88-D13FFA980261}.Debug|Any CPU.Build.0 = Debug|Any CPU
		{D3EAD474-A454-41F9-BF88-D13FFA980261}.Debug|ARM.ActiveCfg = Debug|Any CPU
		{D3EAD474-A454-41F9-BF88-D13FFA980261}.Debug|x64.ActiveCfg = Debug|Any CPU
		{D3EAD474-A454-41F9-BF88-D13FFA980261}.Debug|x86.ActiveCfg = Debug|Any CPU
		{D3EAD474-A454-41F9-BF88-D13FFA980261}.Release|Any CPU.ActiveCfg = Release|Any CPU
		{D3EAD474-A454-41F9-BF88-D13FFA980261}.Release|Any CPU.Build.0 = Release|Any CPU
		{D3EAD474-A454-41F9-BF88-D13FFA980261}.Release|ARM.ActiveCfg = Release|Any CPU
		{D3EAD474-A454-41F9-BF88-D13FFA980261}.Release|x64.ActiveCfg = Release|Any CPU
		{D3EAD474-A454-41F9-BF88-D13FFA980261}.Release|x86.ActiveCfg = Release|Any CPU
		{502E1DB1-0F13-4F02-AE2A-2ACCF8103CAC}.Debug|Any CPU.ActiveCfg = Debug|Any CPU
		{502E1DB1-0F13-4F02-AE2A-2ACCF8103CAC}.Debug|Any CPU.Build.0 = Debug|Any CPU
		{502E1DB1-0F13-4F02-AE2A-2ACCF8103CAC}.Debug|ARM.ActiveCfg = Debug|Any CPU
		{502E1DB1-0F13-4F02-AE2A-2ACCF8103CAC}.Debug|x64.ActiveCfg = Debug|Any CPU
		{502E1DB1-0F13-4F02-AE2A-2ACCF8103CAC}.Debug|x86.ActiveCfg = Debug|Any CPU
		{502E1DB1-0F13-4F02-AE2A-2ACCF8103CAC}.Release|Any CPU.ActiveCfg = Release|Any CPU
		{502E1DB1-0F13-4F02-AE2A-2ACCF8103CAC}.Release|Any CPU.Build.0 = Release|Any CPU
		{502E1DB1-0F13-4F02-AE2A-2ACCF8103CAC}.Release|ARM.ActiveCfg = Release|Any CPU
		{502E1DB1-0F13-4F02-AE2A-2ACCF8103CAC}.Release|x64.ActiveCfg = Release|Any CPU
		{502E1DB1-0F13-4F02-AE2A-2ACCF8103CAC}.Release|x86.ActiveCfg = Release|Any CPU
		{964E5437-14C4-42AC-AA00-A9B8541A525D}.Debug|Any CPU.ActiveCfg = Debug|Any CPU
		{964E5437-14C4-42AC-AA00-A9B8541A525D}.Debug|Any CPU.Build.0 = Debug|Any CPU
		{964E5437-14C4-42AC-AA00-A9B8541A525D}.Debug|ARM.ActiveCfg = Debug|Any CPU
		{964E5437-14C4-42AC-AA00-A9B8541A525D}.Debug|ARM.Build.0 = Debug|Any CPU
		{964E5437-14C4-42AC-AA00-A9B8541A525D}.Debug|x64.ActiveCfg = Debug|Any CPU
		{964E5437-14C4-42AC-AA00-A9B8541A525D}.Debug|x64.Build.0 = Debug|Any CPU
		{964E5437-14C4-42AC-AA00-A9B8541A525D}.Debug|x86.ActiveCfg = Debug|Any CPU
		{964E5437-14C4-42AC-AA00-A9B8541A525D}.Debug|x86.Build.0 = Debug|Any CPU
		{964E5437-14C4-42AC-AA00-A9B8541A525D}.Release|Any CPU.ActiveCfg = Release|Any CPU
		{964E5437-14C4-42AC-AA00-A9B8541A525D}.Release|Any CPU.Build.0 = Release|Any CPU
		{964E5437-14C4-42AC-AA00-A9B8541A525D}.Release|ARM.ActiveCfg = Release|Any CPU
		{964E5437-14C4-42AC-AA00-A9B8541A525D}.Release|ARM.Build.0 = Release|Any CPU
		{964E5437-14C4-42AC-AA00-A9B8541A525D}.Release|x64.ActiveCfg = Release|Any CPU
		{964E5437-14C4-42AC-AA00-A9B8541A525D}.Release|x64.Build.0 = Release|Any CPU
		{964E5437-14C4-42AC-AA00-A9B8541A525D}.Release|x86.ActiveCfg = Release|Any CPU
		{964E5437-14C4-42AC-AA00-A9B8541A525D}.Release|x86.Build.0 = Release|Any CPU
		{8FDFF305-9AE4-403A-A6B8-5831DD4A2937}.Debug|Any CPU.ActiveCfg = Debug|Any CPU
		{8FDFF305-9AE4-403A-A6B8-5831DD4A2937}.Debug|Any CPU.Build.0 = Debug|Any CPU
		{8FDFF305-9AE4-403A-A6B8-5831DD4A2937}.Debug|ARM.ActiveCfg = Debug|Any CPU
		{8FDFF305-9AE4-403A-A6B8-5831DD4A2937}.Debug|x64.ActiveCfg = Debug|Any CPU
		{8FDFF305-9AE4-403A-A6B8-5831DD4A2937}.Debug|x86.ActiveCfg = Debug|Any CPU
		{8FDFF305-9AE4-403A-A6B8-5831DD4A2937}.Release|Any CPU.ActiveCfg = Release|Any CPU
		{8FDFF305-9AE4-403A-A6B8-5831DD4A2937}.Release|Any CPU.Build.0 = Release|Any CPU
		{8FDFF305-9AE4-403A-A6B8-5831DD4A2937}.Release|ARM.ActiveCfg = Release|Any CPU
		{8FDFF305-9AE4-403A-A6B8-5831DD4A2937}.Release|x64.ActiveCfg = Release|Any CPU
		{8FDFF305-9AE4-403A-A6B8-5831DD4A2937}.Release|x86.ActiveCfg = Release|Any CPU
		{90A3287B-D5B0-4D49-8BA1-27CA0F292291}.Debug|Any CPU.ActiveCfg = Debug|Any CPU
		{90A3287B-D5B0-4D49-8BA1-27CA0F292291}.Debug|Any CPU.Build.0 = Debug|Any CPU
		{90A3287B-D5B0-4D49-8BA1-27CA0F292291}.Debug|ARM.ActiveCfg = Debug|Any CPU
		{90A3287B-D5B0-4D49-8BA1-27CA0F292291}.Debug|x64.ActiveCfg = Debug|Any CPU
		{90A3287B-D5B0-4D49-8BA1-27CA0F292291}.Debug|x86.ActiveCfg = Debug|Any CPU
		{90A3287B-D5B0-4D49-8BA1-27CA0F292291}.Release|Any CPU.ActiveCfg = Release|Any CPU
		{90A3287B-D5B0-4D49-8BA1-27CA0F292291}.Release|Any CPU.Build.0 = Release|Any CPU
		{90A3287B-D5B0-4D49-8BA1-27CA0F292291}.Release|ARM.ActiveCfg = Release|Any CPU
		{90A3287B-D5B0-4D49-8BA1-27CA0F292291}.Release|x64.ActiveCfg = Release|Any CPU
		{90A3287B-D5B0-4D49-8BA1-27CA0F292291}.Release|x86.ActiveCfg = Release|Any CPU
		{A0E37EDD-8063-4E95-AE92-639240D778D4}.Debug|Any CPU.ActiveCfg = Debug|Any CPU
		{A0E37EDD-8063-4E95-AE92-639240D778D4}.Debug|Any CPU.Build.0 = Debug|Any CPU
		{A0E37EDD-8063-4E95-AE92-639240D778D4}.Debug|ARM.ActiveCfg = Debug|Any CPU
		{A0E37EDD-8063-4E95-AE92-639240D778D4}.Debug|x64.ActiveCfg = Debug|Any CPU
		{A0E37EDD-8063-4E95-AE92-639240D778D4}.Debug|x86.ActiveCfg = Debug|Any CPU
		{A0E37EDD-8063-4E95-AE92-639240D778D4}.Release|Any CPU.ActiveCfg = Release|Any CPU
		{A0E37EDD-8063-4E95-AE92-639240D778D4}.Release|Any CPU.Build.0 = Release|Any CPU
		{A0E37EDD-8063-4E95-AE92-639240D778D4}.Release|ARM.ActiveCfg = Release|Any CPU
		{A0E37EDD-8063-4E95-AE92-639240D778D4}.Release|x64.ActiveCfg = Release|Any CPU
		{A0E37EDD-8063-4E95-AE92-639240D778D4}.Release|x86.ActiveCfg = Release|Any CPU
		{585BC023-2F06-489E-8285-D83013C674A5}.Debug|Any CPU.ActiveCfg = Debug|Any CPU
		{585BC023-2F06-489E-8285-D83013C674A5}.Debug|Any CPU.Build.0 = Debug|Any CPU
		{585BC023-2F06-489E-8285-D83013C674A5}.Debug|ARM.ActiveCfg = Debug|Any CPU
		{585BC023-2F06-489E-8285-D83013C674A5}.Debug|x64.ActiveCfg = Debug|Any CPU
		{585BC023-2F06-489E-8285-D83013C674A5}.Debug|x86.ActiveCfg = Debug|Any CPU
		{585BC023-2F06-489E-8285-D83013C674A5}.Release|Any CPU.ActiveCfg = Release|Any CPU
		{585BC023-2F06-489E-8285-D83013C674A5}.Release|Any CPU.Build.0 = Release|Any CPU
		{585BC023-2F06-489E-8285-D83013C674A5}.Release|ARM.ActiveCfg = Release|Any CPU
		{585BC023-2F06-489E-8285-D83013C674A5}.Release|x64.ActiveCfg = Release|Any CPU
		{585BC023-2F06-489E-8285-D83013C674A5}.Release|x86.ActiveCfg = Release|Any CPU
		{AD011716-1E8C-4D55-9881-E85931B208F7}.Debug|Any CPU.ActiveCfg = Debug|Any CPU
		{AD011716-1E8C-4D55-9881-E85931B208F7}.Debug|Any CPU.Build.0 = Debug|Any CPU
		{AD011716-1E8C-4D55-9881-E85931B208F7}.Debug|ARM.ActiveCfg = Debug|Any CPU
		{AD011716-1E8C-4D55-9881-E85931B208F7}.Debug|ARM.Build.0 = Debug|Any CPU
		{AD011716-1E8C-4D55-9881-E85931B208F7}.Debug|x64.ActiveCfg = Debug|Any CPU
		{AD011716-1E8C-4D55-9881-E85931B208F7}.Debug|x64.Build.0 = Debug|Any CPU
		{AD011716-1E8C-4D55-9881-E85931B208F7}.Debug|x86.ActiveCfg = Debug|Any CPU
		{AD011716-1E8C-4D55-9881-E85931B208F7}.Debug|x86.Build.0 = Debug|Any CPU
		{AD011716-1E8C-4D55-9881-E85931B208F7}.Release|Any CPU.ActiveCfg = Release|Any CPU
		{AD011716-1E8C-4D55-9881-E85931B208F7}.Release|Any CPU.Build.0 = Release|Any CPU
		{AD011716-1E8C-4D55-9881-E85931B208F7}.Release|ARM.ActiveCfg = Release|Any CPU
		{AD011716-1E8C-4D55-9881-E85931B208F7}.Release|ARM.Build.0 = Release|Any CPU
		{AD011716-1E8C-4D55-9881-E85931B208F7}.Release|x64.ActiveCfg = Release|Any CPU
		{AD011716-1E8C-4D55-9881-E85931B208F7}.Release|x64.Build.0 = Release|Any CPU
		{AD011716-1E8C-4D55-9881-E85931B208F7}.Release|x86.ActiveCfg = Release|Any CPU
		{AD011716-1E8C-4D55-9881-E85931B208F7}.Release|x86.Build.0 = Release|Any CPU
		{064091C3-F0AB-4277-BEA1-7301F8CA4E1B}.Debug|Any CPU.ActiveCfg = Debug|Any CPU
		{064091C3-F0AB-4277-BEA1-7301F8CA4E1B}.Debug|Any CPU.Build.0 = Debug|Any CPU
		{064091C3-F0AB-4277-BEA1-7301F8CA4E1B}.Debug|ARM.ActiveCfg = Debug|Any CPU
		{064091C3-F0AB-4277-BEA1-7301F8CA4E1B}.Debug|x64.ActiveCfg = Debug|Any CPU
		{064091C3-F0AB-4277-BEA1-7301F8CA4E1B}.Debug|x86.ActiveCfg = Debug|Any CPU
		{064091C3-F0AB-4277-BEA1-7301F8CA4E1B}.Release|Any CPU.ActiveCfg = Release|Any CPU
		{064091C3-F0AB-4277-BEA1-7301F8CA4E1B}.Release|Any CPU.Build.0 = Release|Any CPU
		{064091C3-F0AB-4277-BEA1-7301F8CA4E1B}.Release|ARM.ActiveCfg = Release|Any CPU
		{064091C3-F0AB-4277-BEA1-7301F8CA4E1B}.Release|x64.ActiveCfg = Release|Any CPU
		{064091C3-F0AB-4277-BEA1-7301F8CA4E1B}.Release|x86.ActiveCfg = Release|Any CPU
		{0ED6137E-895F-4941-A136-ABB977E1C4EF}.Debug|Any CPU.ActiveCfg = Debug|Any CPU
		{0ED6137E-895F-4941-A136-ABB977E1C4EF}.Debug|Any CPU.Build.0 = Debug|Any CPU
		{0ED6137E-895F-4941-A136-ABB977E1C4EF}.Debug|ARM.ActiveCfg = Debug|Any CPU
		{0ED6137E-895F-4941-A136-ABB977E1C4EF}.Debug|ARM.Build.0 = Debug|Any CPU
		{0ED6137E-895F-4941-A136-ABB977E1C4EF}.Debug|x64.ActiveCfg = Debug|Any CPU
		{0ED6137E-895F-4941-A136-ABB977E1C4EF}.Debug|x64.Build.0 = Debug|Any CPU
		{0ED6137E-895F-4941-A136-ABB977E1C4EF}.Debug|x86.ActiveCfg = Debug|Any CPU
		{0ED6137E-895F-4941-A136-ABB977E1C4EF}.Debug|x86.Build.0 = Debug|Any CPU
		{0ED6137E-895F-4941-A136-ABB977E1C4EF}.Release|Any CPU.ActiveCfg = Release|Any CPU
		{0ED6137E-895F-4941-A136-ABB977E1C4EF}.Release|Any CPU.Build.0 = Release|Any CPU
		{0ED6137E-895F-4941-A136-ABB977E1C4EF}.Release|ARM.ActiveCfg = Release|Any CPU
		{0ED6137E-895F-4941-A136-ABB977E1C4EF}.Release|ARM.Build.0 = Release|Any CPU
		{0ED6137E-895F-4941-A136-ABB977E1C4EF}.Release|x64.ActiveCfg = Release|Any CPU
		{0ED6137E-895F-4941-A136-ABB977E1C4EF}.Release|x64.Build.0 = Release|Any CPU
		{0ED6137E-895F-4941-A136-ABB977E1C4EF}.Release|x86.ActiveCfg = Release|Any CPU
		{0ED6137E-895F-4941-A136-ABB977E1C4EF}.Release|x86.Build.0 = Release|Any CPU
		{2C3B3BF3-C074-434C-BF91-4BD302E1E9D2}.Debug|Any CPU.ActiveCfg = Debug|Any CPU
		{2C3B3BF3-C074-434C-BF91-4BD302E1E9D2}.Debug|Any CPU.Build.0 = Debug|Any CPU
		{2C3B3BF3-C074-434C-BF91-4BD302E1E9D2}.Debug|ARM.ActiveCfg = Debug|Any CPU
		{2C3B3BF3-C074-434C-BF91-4BD302E1E9D2}.Debug|x64.ActiveCfg = Debug|Any CPU
		{2C3B3BF3-C074-434C-BF91-4BD302E1E9D2}.Debug|x86.ActiveCfg = Debug|Any CPU
		{2C3B3BF3-C074-434C-BF91-4BD302E1E9D2}.Release|Any CPU.ActiveCfg = Release|Any CPU
		{2C3B3BF3-C074-434C-BF91-4BD302E1E9D2}.Release|Any CPU.Build.0 = Release|Any CPU
		{2C3B3BF3-C074-434C-BF91-4BD302E1E9D2}.Release|ARM.ActiveCfg = Release|Any CPU
		{2C3B3BF3-C074-434C-BF91-4BD302E1E9D2}.Release|x64.ActiveCfg = Release|Any CPU
		{2C3B3BF3-C074-434C-BF91-4BD302E1E9D2}.Release|x86.ActiveCfg = Release|Any CPU
		{049C416B-D3DB-4D9E-88CC-C1157A68CC53}.Debug|Any CPU.ActiveCfg = Debug|Any CPU
		{049C416B-D3DB-4D9E-88CC-C1157A68CC53}.Debug|Any CPU.Build.0 = Debug|Any CPU
		{049C416B-D3DB-4D9E-88CC-C1157A68CC53}.Debug|ARM.ActiveCfg = Debug|Any CPU
		{049C416B-D3DB-4D9E-88CC-C1157A68CC53}.Debug|ARM.Build.0 = Debug|Any CPU
		{049C416B-D3DB-4D9E-88CC-C1157A68CC53}.Debug|x64.ActiveCfg = Debug|Any CPU
		{049C416B-D3DB-4D9E-88CC-C1157A68CC53}.Debug|x64.Build.0 = Debug|Any CPU
		{049C416B-D3DB-4D9E-88CC-C1157A68CC53}.Debug|x86.ActiveCfg = Debug|Any CPU
		{049C416B-D3DB-4D9E-88CC-C1157A68CC53}.Debug|x86.Build.0 = Debug|Any CPU
		{049C416B-D3DB-4D9E-88CC-C1157A68CC53}.Release|Any CPU.ActiveCfg = Release|Any CPU
		{049C416B-D3DB-4D9E-88CC-C1157A68CC53}.Release|Any CPU.Build.0 = Release|Any CPU
		{049C416B-D3DB-4D9E-88CC-C1157A68CC53}.Release|ARM.ActiveCfg = Release|Any CPU
		{049C416B-D3DB-4D9E-88CC-C1157A68CC53}.Release|ARM.Build.0 = Release|Any CPU
		{049C416B-D3DB-4D9E-88CC-C1157A68CC53}.Release|x64.ActiveCfg = Release|Any CPU
		{049C416B-D3DB-4D9E-88CC-C1157A68CC53}.Release|x64.Build.0 = Release|Any CPU
		{049C416B-D3DB-4D9E-88CC-C1157A68CC53}.Release|x86.ActiveCfg = Release|Any CPU
		{049C416B-D3DB-4D9E-88CC-C1157A68CC53}.Release|x86.Build.0 = Release|Any CPU
		{B5E4D0D3-C180-4CEF-B580-9DF8071B1103}.Debug|Any CPU.ActiveCfg = Debug|Any CPU
		{B5E4D0D3-C180-4CEF-B580-9DF8071B1103}.Debug|Any CPU.Build.0 = Debug|Any CPU
		{B5E4D0D3-C180-4CEF-B580-9DF8071B1103}.Debug|ARM.ActiveCfg = Debug|Any CPU
		{B5E4D0D3-C180-4CEF-B580-9DF8071B1103}.Debug|x64.ActiveCfg = Debug|Any CPU
		{B5E4D0D3-C180-4CEF-B580-9DF8071B1103}.Debug|x86.ActiveCfg = Debug|Any CPU
		{B5E4D0D3-C180-4CEF-B580-9DF8071B1103}.Release|Any CPU.ActiveCfg = Release|Any CPU
		{B5E4D0D3-C180-4CEF-B580-9DF8071B1103}.Release|Any CPU.Build.0 = Release|Any CPU
		{B5E4D0D3-C180-4CEF-B580-9DF8071B1103}.Release|ARM.ActiveCfg = Release|Any CPU
		{B5E4D0D3-C180-4CEF-B580-9DF8071B1103}.Release|x64.ActiveCfg = Release|Any CPU
		{B5E4D0D3-C180-4CEF-B580-9DF8071B1103}.Release|x86.ActiveCfg = Release|Any CPU
		{B5E4D0D3-C180-4CEF-B580-9DF8071B1104}.Debug|Any CPU.ActiveCfg = Debug|Any CPU
		{B5E4D0D3-C180-4CEF-B580-9DF8071B1104}.Debug|Any CPU.Build.0 = Debug|Any CPU
		{B5E4D0D3-C180-4CEF-B580-9DF8071B1104}.Debug|ARM.ActiveCfg = Debug|Any CPU
		{B5E4D0D3-C180-4CEF-B580-9DF8071B1104}.Debug|x64.ActiveCfg = Debug|Any CPU
		{B5E4D0D3-C180-4CEF-B580-9DF8071B1104}.Debug|x86.ActiveCfg = Debug|Any CPU
		{B5E4D0D3-C180-4CEF-B580-9DF8071B1104}.Release|Any CPU.ActiveCfg = Release|Any CPU
		{B5E4D0D3-C180-4CEF-B580-9DF8071B1104}.Release|Any CPU.Build.0 = Release|Any CPU
		{B5E4D0D3-C180-4CEF-B580-9DF8071B1104}.Release|ARM.ActiveCfg = Release|Any CPU
		{B5E4D0D3-C180-4CEF-B580-9DF8071B1104}.Release|x64.ActiveCfg = Release|Any CPU
		{B5E4D0D3-C180-4CEF-B580-9DF8071B1104}.Release|x86.ActiveCfg = Release|Any CPU
		{A8F10625-D42E-4BA2-967F-F863425C7394}.Debug|Any CPU.ActiveCfg = Debug|Any CPU
		{A8F10625-D42E-4BA2-967F-F863425C7394}.Debug|Any CPU.Build.0 = Debug|Any CPU
		{A8F10625-D42E-4BA2-967F-F863425C7394}.Debug|ARM.ActiveCfg = Debug|Any CPU
		{A8F10625-D42E-4BA2-967F-F863425C7394}.Debug|x64.ActiveCfg = Debug|Any CPU
		{A8F10625-D42E-4BA2-967F-F863425C7394}.Debug|x86.ActiveCfg = Debug|Any CPU
		{A8F10625-D42E-4BA2-967F-F863425C7394}.Release|Any CPU.ActiveCfg = Release|Any CPU
		{A8F10625-D42E-4BA2-967F-F863425C7394}.Release|Any CPU.Build.0 = Release|Any CPU
		{A8F10625-D42E-4BA2-967F-F863425C7394}.Release|ARM.ActiveCfg = Release|Any CPU
		{A8F10625-D42E-4BA2-967F-F863425C7394}.Release|x64.ActiveCfg = Release|Any CPU
		{A8F10625-D42E-4BA2-967F-F863425C7394}.Release|x86.ActiveCfg = Release|Any CPU
		{9E8EA146-0C62-419D-8ADA-80635F96D30C}.Debug|Any CPU.ActiveCfg = Debug|Any CPU
		{9E8EA146-0C62-419D-8ADA-80635F96D30C}.Debug|Any CPU.Build.0 = Debug|Any CPU
		{9E8EA146-0C62-419D-8ADA-80635F96D30C}.Debug|ARM.ActiveCfg = Debug|Any CPU
		{9E8EA146-0C62-419D-8ADA-80635F96D30C}.Debug|x64.ActiveCfg = Debug|Any CPU
		{9E8EA146-0C62-419D-8ADA-80635F96D30C}.Debug|x86.ActiveCfg = Debug|Any CPU
		{9E8EA146-0C62-419D-8ADA-80635F96D30C}.Release|Any CPU.ActiveCfg = Release|Any CPU
		{9E8EA146-0C62-419D-8ADA-80635F96D30C}.Release|Any CPU.Build.0 = Release|Any CPU
		{9E8EA146-0C62-419D-8ADA-80635F96D30C}.Release|ARM.ActiveCfg = Release|Any CPU
		{9E8EA146-0C62-419D-8ADA-80635F96D30C}.Release|x64.ActiveCfg = Release|Any CPU
		{9E8EA146-0C62-419D-8ADA-80635F96D30C}.Release|x86.ActiveCfg = Release|Any CPU
	EndGlobalSection
	GlobalSection(SolutionProperties) = preSolution
		HideSolutionNode = FALSE
	EndGlobalSection
	GlobalSection(NestedProjects) = preSolution
		{BB6182E5-4177-44D4-A7E8-2590D00941AE} = {AB6C2AD9-125C-4D28-B8F5-3A662F2055BC}
		{B4F6BB5B-552D-487E-8CA7-1919A357FFCB} = {BB6182E5-4177-44D4-A7E8-2590D00941AE}
		{156E5859-056E-4B88-AA98-B9B202FF21A8} = {BB6182E5-4177-44D4-A7E8-2590D00941AE}
		{D3EAD474-A454-41F9-BF88-D13FFA980261} = {BB6182E5-4177-44D4-A7E8-2590D00941AE}
		{502E1DB1-0F13-4F02-AE2A-2ACCF8103CAC} = {BB6182E5-4177-44D4-A7E8-2590D00941AE}
		{964E5437-14C4-42AC-AA00-A9B8541A525D} = {BB6182E5-4177-44D4-A7E8-2590D00941AE}
		{8FDFF305-9AE4-403A-A6B8-5831DD4A2937} = {BB6182E5-4177-44D4-A7E8-2590D00941AE}
		{90A3287B-D5B0-4D49-8BA1-27CA0F292291} = {BB6182E5-4177-44D4-A7E8-2590D00941AE}
		{A0E37EDD-8063-4E95-AE92-639240D778D4} = {BB6182E5-4177-44D4-A7E8-2590D00941AE}
		{585BC023-2F06-489E-8285-D83013C674A5} = {BB6182E5-4177-44D4-A7E8-2590D00941AE}
		{AD011716-1E8C-4D55-9881-E85931B208F7} = {BB6182E5-4177-44D4-A7E8-2590D00941AE}
		{064091C3-F0AB-4277-BEA1-7301F8CA4E1B} = {BB6182E5-4177-44D4-A7E8-2590D00941AE}
		{765DEB35-1D5D-41E3-854E-7ACEAE86E4A2} = {AB6C2AD9-125C-4D28-B8F5-3A662F2055BC}
		{049C416B-D3DB-4D9E-88CC-C1157A68CC53} = {765DEB35-1D5D-41E3-854E-7ACEAE86E4A2}
		{A33F40C3-2BAD-406E-86BE-DBE33F12BB29} = {492B979A-F7D2-40A1-B311-1416F9CE7A2A}
		{B4F05BFC-A45E-4400-814A-12DA0D6FA3D0} = {492B979A-F7D2-40A1-B311-1416F9CE7A2A}
		{0FD8AFF8-3868-4FD5-A8A6-DA8DAA02B52F} = {492B979A-F7D2-40A1-B311-1416F9CE7A2A}
		{B5E4D0D3-C180-4CEF-B580-9DF8071B1103} = {1A976AA7-AA7F-44BE-AC85-88C3A62F9136}
		{B5E4D0D3-C180-4CEF-B580-9DF8071B1104} = {1A976AA7-AA7F-44BE-AC85-88C3A62F9136}
		{1A976AA7-AA7F-44BE-AC85-88C3A62F9136} = {048C5984-60A0-4FF3-8DE0-CC3F3D38F2C5}
		{A8F10625-D42E-4BA2-967F-F863425C7394} = {1A976AA7-AA7F-44BE-AC85-88C3A62F9136}
		{9E8EA146-0C62-419D-8ADA-80635F96D30C} = {048C5984-60A0-4FF3-8DE0-CC3F3D38F2C5}
	EndGlobalSection
	GlobalSection(ExtensibilityGlobals) = postSolution
		SolutionGuid = {DDE1E8F8-AA02-4732-8297-525697F8BEDA}
	EndGlobalSection
EndGlobal
